
Microsoft Visual Studio Solution File, Format Version 12.00
# Visual Studio Version 17
VisualStudioVersion = 17.1.32421.90
MinimumVisualStudioVersion = 10.0.40219.1
Project("{FAE04EC0-301F-11D3-BF4B-00C04F79EFBC}") = "WeekCalendar", "WeekCalendar\WeekCalendar.csproj", "{BF11F41A-469D-400A-8AD0-C007C30DD2DB}"
EndProject
Project("{FAE04EC0-301F-11D3-BF4B-00C04F79EFBC}") = "PlannerTest", "PlannerTest\PlannerTest.csproj", "{667B5964-922A-4DB7-89F2-450F2F105983}"
EndProject
Global
	GlobalSection(SolutionConfigurationPlatforms) = preSolution
		Debug|Any CPU = Debug|Any CPU
		Release|Any CPU = Release|Any CPU
	EndGlobalSection
	GlobalSection(ProjectConfigurationPlatforms) = postSolution
		{BF11F41A-469D-400A-8AD0-C007C30DD2DB}.Debug|Any CPU.ActiveCfg = Debug|Any CPU
		{BF11F41A-469D-400A-8AD0-C007C30DD2DB}.Debug|Any CPU.Build.0 = Debug|Any CPU
		{BF11F41A-469D-400A-8AD0-C007C30DD2DB}.Release|Any CPU.ActiveCfg = Release|Any CPU
		{BF11F41A-469D-400A-8AD0-C007C30DD2DB}.Release|Any CPU.Build.0 = Release|Any CPU
		{667B5964-922A-4DB7-89F2-450F2F105983}.Debug|Any CPU.ActiveCfg = Debug|Any CPU
		{667B5964-922A-4DB7-89F2-450F2F105983}.Debug|Any CPU.Build.0 = Debug|Any CPU
		{667B5964-922A-4DB7-89F2-450F2F105983}.Release|Any CPU.ActiveCfg = Release|Any CPU
		{667B5964-922A-4DB7-89F2-450F2F105983}.Release|Any CPU.Build.0 = Release|Any CPU
	EndGlobalSection
	GlobalSection(SolutionProperties) = preSolution
		HideSolutionNode = FALSE
	EndGlobalSection
	GlobalSection(ExtensibilityGlobals) = postSolution
		SolutionGuid = {3643D8FA-FD1E-47EF-B33A-743DE52B1885}
	EndGlobalSection
EndGlobal
