
Microsoft Visual Studio Solution File, Format Version 12.00
# Visual Studio Version 16
VisualStudioVersion = 16.0.30907.101
MinimumVisualStudioVersion = 10.0.40219.1
Project("{FAE04EC0-301F-11D3-BF4B-00C04F79EFBC}") = "KomisBeta", "KomisBeta\KomisBeta.csproj", "{8577C460-C75C-4422-9CAF-E1E2482126AA}"
EndProject
Global
	GlobalSection(SolutionConfigurationPlatforms) = preSolution
		Debug|Any CPU = Debug|Any CPU
		Release|Any CPU = Release|Any CPU
	EndGlobalSection
	GlobalSection(ProjectConfigurationPlatforms) = postSolution
		{8577C460-C75C-4422-9CAF-E1E2482126AA}.Debug|Any CPU.ActiveCfg = Debug|Any CPU
		{8577C460-C75C-4422-9CAF-E1E2482126AA}.Debug|Any CPU.Build.0 = Debug|Any CPU
		{8577C460-C75C-4422-9CAF-E1E2482126AA}.Release|Any CPU.ActiveCfg = Release|Any CPU
		{8577C460-C75C-4422-9CAF-E1E2482126AA}.Release|Any CPU.Build.0 = Release|Any CPU
	EndGlobalSection
	GlobalSection(SolutionProperties) = preSolution
		HideSolutionNode = FALSE
	EndGlobalSection
	GlobalSection(ExtensibilityGlobals) = postSolution
		SolutionGuid = {1336AE54-3EF8-452B-830F-12318271CF17}
	EndGlobalSection
EndGlobal
